
Microsoft Visual Studio Solution File, Format Version 12.00
# Visual Studio Version 16
VisualStudioVersion = 16.0.30406.217
MinimumVisualStudioVersion = 10.0.40219.1
Project("{FAE04EC0-301F-11D3-BF4B-00C04F79EFBC}") = "IdentityTests", "IdentityTests\IdentityTests.csproj", "{AA1D17E5-BA64-473B-A2C0-E6584A5EB8C0}"
EndProject
Global
	GlobalSection(SolutionConfigurationPlatforms) = preSolution
		Debug|Any CPU = Debug|Any CPU
		Release|Any CPU = Release|Any CPU
	EndGlobalSection
	GlobalSection(ProjectConfigurationPlatforms) = postSolution
		{AA1D17E5-BA64-473B-A2C0-E6584A5EB8C0}.Debug|Any CPU.ActiveCfg = Debug|Any CPU
		{AA1D17E5-BA64-473B-A2C0-E6584A5EB8C0}.Debug|Any CPU.Build.0 = Debug|Any CPU
		{AA1D17E5-BA64-473B-A2C0-E6584A5EB8C0}.Release|Any CPU.ActiveCfg = Release|Any CPU
		{AA1D17E5-BA64-473B-A2C0-E6584A5EB8C0}.Release|Any CPU.Build.0 = Release|Any CPU
	EndGlobalSection
	GlobalSection(SolutionProperties) = preSolution
		HideSolutionNode = FALSE
	EndGlobalSection
	GlobalSection(ExtensibilityGlobals) = postSolution
		SolutionGuid = {7776212E-FAD5-4113-A083-68E5ADC0E273}
	EndGlobalSection
EndGlobal
